
Microsoft Visual Studio Solution File, Format Version 12.00
# Visual Studio 15
VisualStudioVersion = 15.0.26124.0
MinimumVisualStudioVersion = 15.0.26124.0
Project("{9A19103F-16F7-4668-BE54-9A1E7A4F7556}") = "R5T.NetStandard.IO.Paths.Types.Construction", "R5T.NetStandard.IO.Paths.Types.Construction\R5T.NetStandard.IO.Paths.Types.Construction.csproj", "{AF5E998E-06E1-46EB-9328-E62CB517E03F}"
EndProject
Project("{9A19103F-16F7-4668-BE54-9A1E7A4F7556}") = "R5T.NetStandard.IO.Paths.Types", "R5T.NetStandard.IO.Paths.Types\R5T.NetStandard.IO.Paths.Types.csproj", "{89E95859-A6BC-4744-8EF2-3821689CCEA6}"
EndProject
Project("{9A19103F-16F7-4668-BE54-9A1E7A4F7556}") = "R5T.NetStandard.IO.Paths.Types.Testing", "R5T.NetStandard.IO.Paths.Types.Testing\R5T.NetStandard.IO.Paths.Types.Testing.csproj", "{F183B346-4CDB-484E-9EBA-4BFF65B82891}"
EndProject
Project("{2150E333-8FDC-42A3-9474-1A3956D46DE8}") = "_Dependencies", "_Dependencies", "{8F5386AC-DE83-4F72-A5B5-D17C15CF52A6}"
EndProject
Project("{9A19103F-16F7-4668-BE54-9A1E7A4F7556}") = "R5T.NetStandard.TypedString", "..\..\R5T.NetStandard.TypedString\source\R5T.NetStandard.TypedString\R5T.NetStandard.TypedString.csproj", "{F550FE7C-36A2-4E18-83E5-324D95FCB64D}"
EndProject
Global
	GlobalSection(SolutionConfigurationPlatforms) = preSolution
		Debug|Any CPU = Debug|Any CPU
		Debug|x64 = Debug|x64
		Debug|x86 = Debug|x86
		Release|Any CPU = Release|Any CPU
		Release|x64 = Release|x64
		Release|x86 = Release|x86
	EndGlobalSection
	GlobalSection(ProjectConfigurationPlatforms) = postSolution
		{AF5E998E-06E1-46EB-9328-E62CB517E03F}.Debug|Any CPU.ActiveCfg = Debug|Any CPU
		{AF5E998E-06E1-46EB-9328-E62CB517E03F}.Debug|Any CPU.Build.0 = Debug|Any CPU
		{AF5E998E-06E1-46EB-9328-E62CB517E03F}.Debug|x64.ActiveCfg = Debug|Any CPU
		{AF5E998E-06E1-46EB-9328-E62CB517E03F}.Debug|x64.Build.0 = Debug|Any CPU
		{AF5E998E-06E1-46EB-9328-E62CB517E03F}.Debug|x86.ActiveCfg = Debug|Any CPU
		{AF5E998E-06E1-46EB-9328-E62CB517E03F}.Debug|x86.Build.0 = Debug|Any CPU
		{AF5E998E-06E1-46EB-9328-E62CB517E03F}.Release|Any CPU.ActiveCfg = Release|Any CPU
		{AF5E998E-06E1-46EB-9328-E62CB517E03F}.Release|Any CPU.Build.0 = Release|Any CPU
		{AF5E998E-06E1-46EB-9328-E62CB517E03F}.Release|x64.ActiveCfg = Release|Any CPU
		{AF5E998E-06E1-46EB-9328-E62CB517E03F}.Release|x64.Build.0 = Release|Any CPU
		{AF5E998E-06E1-46EB-9328-E62CB517E03F}.Release|x86.ActiveCfg = Release|Any CPU
		{AF5E998E-06E1-46EB-9328-E62CB517E03F}.Release|x86.Build.0 = Release|Any CPU
		{89E95859-A6BC-4744-8EF2-3821689CCEA6}.Debug|Any CPU.ActiveCfg = Debug|Any CPU
		{89E95859-A6BC-4744-8EF2-3821689CCEA6}.Debug|Any CPU.Build.0 = Debug|Any CPU
		{89E95859-A6BC-4744-8EF2-3821689CCEA6}.Debug|x64.ActiveCfg = Debug|Any CPU
		{89E95859-A6BC-4744-8EF2-3821689CCEA6}.Debug|x64.Build.0 = Debug|Any CPU
		{89E95859-A6BC-4744-8EF2-3821689CCEA6}.Debug|x86.ActiveCfg = Debug|Any CPU
		{89E95859-A6BC-4744-8EF2-3821689CCEA6}.Debug|x86.Build.0 = Debug|Any CPU
		{89E95859-A6BC-4744-8EF2-3821689CCEA6}.Release|Any CPU.ActiveCfg = Release|Any CPU
		{89E95859-A6BC-4744-8EF2-3821689CCEA6}.Release|Any CPU.Build.0 = Release|Any CPU
		{89E95859-A6BC-4744-8EF2-3821689CCEA6}.Release|x64.ActiveCfg = Release|Any CPU
		{89E95859-A6BC-4744-8EF2-3821689CCEA6}.Release|x64.Build.0 = Release|Any CPU
		{89E95859-A6BC-4744-8EF2-3821689CCEA6}.Release|x86.ActiveCfg = Release|Any CPU
		{89E95859-A6BC-4744-8EF2-3821689CCEA6}.Release|x86.Build.0 = Release|Any CPU
		{F183B346-4CDB-484E-9EBA-4BFF65B82891}.Debug|Any CPU.ActiveCfg = Debug|Any CPU
		{F183B346-4CDB-484E-9EBA-4BFF65B82891}.Debug|Any CPU.Build.0 = Debug|Any CPU
		{F183B346-4CDB-484E-9EBA-4BFF65B82891}.Debug|x64.ActiveCfg = Debug|Any CPU
		{F183B346-4CDB-484E-9EBA-4BFF65B82891}.Debug|x64.Build.0 = Debug|Any CPU
		{F183B346-4CDB-484E-9EBA-4BFF65B82891}.Debug|x86.ActiveCfg = Debug|Any CPU
		{F183B346-4CDB-484E-9EBA-4BFF65B82891}.Debug|x86.Build.0 = Debug|Any CPU
		{F183B346-4CDB-484E-9EBA-4BFF65B82891}.Release|Any CPU.ActiveCfg = Release|Any CPU
		{F183B346-4CDB-484E-9EBA-4BFF65B82891}.Release|Any CPU.Build.0 = Release|Any CPU
		{F183B346-4CDB-484E-9EBA-4BFF65B82891}.Release|x64.ActiveCfg = Release|Any CPU
		{F183B346-4CDB-484E-9EBA-4BFF65B82891}.Release|x64.Build.0 = Release|Any CPU
		{F183B346-4CDB-484E-9EBA-4BFF65B82891}.Release|x86.ActiveCfg = Release|Any CPU
		{F183B346-4CDB-484E-9EBA-4BFF65B82891}.Release|x86.Build.0 = Release|Any CPU
		{F550FE7C-36A2-4E18-83E5-324D95FCB64D}.Debug|Any CPU.ActiveCfg = Debug|Any CPU
		{F550FE7C-36A2-4E18-83E5-324D95FCB64D}.Debug|Any CPU.Build.0 = Debug|Any CPU
		{F550FE7C-36A2-4E18-83E5-324D95FCB64D}.Debug|x64.ActiveCfg = Debug|Any CPU
		{F550FE7C-36A2-4E18-83E5-324D95FCB64D}.Debug|x64.Build.0 = Debug|Any CPU
		{F550FE7C-36A2-4E18-83E5-324D95FCB64D}.Debug|x86.ActiveCfg = Debug|Any CPU
		{F550FE7C-36A2-4E18-83E5-324D95FCB64D}.Debug|x86.Build.0 = Debug|Any CPU
		{F550FE7C-36A2-4E18-83E5-324D95FCB64D}.Release|Any CPU.ActiveCfg = Release|Any CPU
		{F550FE7C-36A2-4E18-83E5-324D95FCB64D}.Release|Any CPU.Build.0 = Release|Any CPU
		{F550FE7C-36A2-4E18-83E5-324D95FCB64D}.Release|x64.ActiveCfg = Release|Any CPU
		{F550FE7C-36A2-4E18-83E5-324D95FCB64D}.Release|x64.Build.0 = Release|Any CPU
		{F550FE7C-36A2-4E18-83E5-324D95FCB64D}.Release|x86.ActiveCfg = Release|Any CPU
		{F550FE7C-36A2-4E18-83E5-324D95FCB64D}.Release|x86.Build.0 = Release|Any CPU
	EndGlobalSection
	GlobalSection(SolutionProperties) = preSolution
		HideSolutionNode = FALSE
	EndGlobalSection
	GlobalSection(NestedProjects) = preSolution
		{F550FE7C-36A2-4E18-83E5-324D95FCB64D} = {8F5386AC-DE83-4F72-A5B5-D17C15CF52A6}
	EndGlobalSection
	GlobalSection(ExtensibilityGlobals) = postSolution
		SolutionGuid = {06276D33-DAAF-4146-9FED-30ABDB3E0625}
	EndGlobalSection
EndGlobal
